
Microsoft Visual Studio Solution File, Format Version 12.00
# Visual Studio 15
VisualStudioVersion = 15.0.28010.2026
MinimumVisualStudioVersion = 10.0.40219.1
Project("{FAE04EC0-301F-11D3-BF4B-00C04F79EFBC}") = "litercart-project-tests", "litercart-project-tests\litercart-project-tests.csproj", "{3FF392B8-E08F-46ED-9724-36115D4699AE}"
EndProject
Global
	GlobalSection(SolutionConfigurationPlatforms) = preSolution
		Debug|Any CPU = Debug|Any CPU
		Release|Any CPU = Release|Any CPU
	EndGlobalSection
	GlobalSection(ProjectConfigurationPlatforms) = postSolution
		{3FF392B8-E08F-46ED-9724-36115D4699AE}.Debug|Any CPU.ActiveCfg = Debug|Any CPU
		{3FF392B8-E08F-46ED-9724-36115D4699AE}.Debug|Any CPU.Build.0 = Debug|Any CPU
		{3FF392B8-E08F-46ED-9724-36115D4699AE}.Release|Any CPU.ActiveCfg = Release|Any CPU
		{3FF392B8-E08F-46ED-9724-36115D4699AE}.Release|Any CPU.Build.0 = Release|Any CPU
	EndGlobalSection
	GlobalSection(SolutionProperties) = preSolution
		HideSolutionNode = FALSE
	EndGlobalSection
	GlobalSection(ExtensibilityGlobals) = postSolution
		SolutionGuid = {E621AE63-B118-4687-8D1D-785C86EEB90B}
	EndGlobalSection
EndGlobal
